// !$*UTF8*$!
{
	archiveVersion = 1;
	classes = {
	};
	objectVersion = 48;
	objects = {

/* Begin PBXBuildFile section */
		480DFB7E212F481000245479 /* DetailViewController.swift in Sources */ = {isa = PBXBuildFile; fileRef = 480DFB7D212F481000245479 /* DetailViewController.swift */; };
		480DFB80212FDCB700245479 /* ArtistDetails.swift in Sources */ = {isa = PBXBuildFile; fileRef = 480DFB7F212FDCB700245479 /* ArtistDetails.swift */; };
		48108BD9212D9319008E1968 /* ArtistResultsJSON.json in Resources */ = {isa = PBXBuildFile; fileRef = 48108BD8212D9319008E1968 /* ArtistResultsJSON.json */; };
		483E29E6212AF71100D6B22B /* JSONMappingTests.swift in Sources */ = {isa = PBXBuildFile; fileRef = 483E29E5212AF71100D6B22B /* JSONMappingTests.swift */; };
		48511065212E9D8000311309 /* ResultsCell.xib in Resources */ = {isa = PBXBuildFile; fileRef = 48511064212E9D8000311309 /* ResultsCell.xib */; };
		48511069212EA0D800311309 /* ResultsCell.swift in Sources */ = {isa = PBXBuildFile; fileRef = 48511068212EA0D800311309 /* ResultsCell.swift */; };
		48CC3B232131652F007A2338 /* ResultsModel.swift in Sources */ = {isa = PBXBuildFile; fileRef = 48CC3B222131652F007A2338 /* ResultsModel.swift */; };
		48CC3B25213166BE007A2338 /* Image.swift in Sources */ = {isa = PBXBuildFile; fileRef = 48CC3B24213166BE007A2338 /* Image.swift */; };
		48CC3B27213166E0007A2338 /* Artist.swift in Sources */ = {isa = PBXBuildFile; fileRef = 48CC3B26213166E0007A2338 /* Artist.swift */; };
		48CC3B292131670D007A2338 /* Stats.swift in Sources */ = {isa = PBXBuildFile; fileRef = 48CC3B282131670D007A2338 /* Stats.swift */; };
		48CC3B2B2131674A007A2338 /* SearchResponse.swift in Sources */ = {isa = PBXBuildFile; fileRef = 48CC3B2A2131674A007A2338 /* SearchResponse.swift */; };
		48CC3B2D21316782007A2338 /* Bio.swift in Sources */ = {isa = PBXBuildFile; fileRef = 48CC3B2C21316782007A2338 /* Bio.swift */; };
		48CC3B2F213167C6007A2338 /* ArtistMatches.swift in Sources */ = {isa = PBXBuildFile; fileRef = 48CC3B2E213167C6007A2338 /* ArtistMatches.swift */; };
		48CC3B3121317C43007A2338 /* ArtistModel.swift in Sources */ = {isa = PBXBuildFile; fileRef = 48CC3B3021317C43007A2338 /* ArtistModel.swift */; };
		48CC3B342131BF32007A2338 /* ArtistDataConverter.swift in Sources */ = {isa = PBXBuildFile; fileRef = 48CC3B332131BF32007A2338 /* ArtistDataConverter.swift */; };
		48CC3B362131C449007A2338 /* ResultsDataConverter.swift in Sources */ = {isa = PBXBuildFile; fileRef = 48CC3B352131C449007A2338 /* ResultsDataConverter.swift */; };
		48CC3B382131D525007A2338 /* DataManager.swift in Sources */ = {isa = PBXBuildFile; fileRef = 48CC3B372131D525007A2338 /* DataManager.swift */; };
		48CC3B3A21326DE3007A2338 /* ArtistDetailModel.swift in Sources */ = {isa = PBXBuildFile; fileRef = 48CC3B3921326DE3007A2338 /* ArtistDetailModel.swift */; };
		48CC3B3D21328B74007A2338 /* ResultsPresenter.swift in Sources */ = {isa = PBXBuildFile; fileRef = 48CC3B3C21328B74007A2338 /* ResultsPresenter.swift */; };
		48CC3B3F2132A74D007A2338 /* DetailsRequest.swift in Sources */ = {isa = PBXBuildFile; fileRef = 48CC3B3E2132A74D007A2338 /* DetailsRequest.swift */; };
		48CC3B412132E37A007A2338 /* ArtistDetailsDataConverter.swift in Sources */ = {isa = PBXBuildFile; fileRef = 48CC3B402132E37A007A2338 /* ArtistDetailsDataConverter.swift */; };
		48CC3B432133C741007A2338 /* AlertsPresenter.swift in Sources */ = {isa = PBXBuildFile; fileRef = 48CC3B422133C741007A2338 /* AlertsPresenter.swift */; };
		48CC3B472134146C007A2338 /* TestData.swift in Sources */ = {isa = PBXBuildFile; fileRef = 48CC3B462134146C007A2338 /* TestData.swift */; };
		48CC3B4A2134184C007A2338 /* StringEncodingExtension.swift in Sources */ = {isa = PBXBuildFile; fileRef = 48CC3B492134184C007A2338 /* StringEncodingExtension.swift */; };
		48D90155211F0097000473EC /* AppDelegate.swift in Sources */ = {isa = PBXBuildFile; fileRef = 48D90154211F0097000473EC /* AppDelegate.swift */; };
		48D90157211F0097000473EC /* ViewController.swift in Sources */ = {isa = PBXBuildFile; fileRef = 48D90156211F0097000473EC /* ViewController.swift */; };
		48D9015A211F0097000473EC /* Main.storyboard in Resources */ = {isa = PBXBuildFile; fileRef = 48D90158211F0097000473EC /* Main.storyboard */; };
		48D9015C211F0097000473EC /* Assets.xcassets in Resources */ = {isa = PBXBuildFile; fileRef = 48D9015B211F0097000473EC /* Assets.xcassets */; };
		48D9015F211F0097000473EC /* LaunchScreen.storyboard in Resources */ = {isa = PBXBuildFile; fileRef = 48D9015D211F0097000473EC /* LaunchScreen.storyboard */; };
		48D9016A211F0097000473EC /* RADioTests.swift in Sources */ = {isa = PBXBuildFile; fileRef = 48D90169211F0097000473EC /* RADioTests.swift */; };
		48D90175211F0097000473EC /* RADioUITests.swift in Sources */ = {isa = PBXBuildFile; fileRef = 48D90174211F0097000473EC /* RADioUITests.swift */; };
		48D90184211FCEBD000473EC /* Results.swift in Sources */ = {isa = PBXBuildFile; fileRef = 48D90183211FCEBD000473EC /* Results.swift */; };
		48D90187211FD899000473EC /* APIRequests.swift in Sources */ = {isa = PBXBuildFile; fileRef = 48D90186211FD899000473EC /* APIRequests.swift */; };
		4B4AB095DC6BBAD2C8C6A506 /* Pods_RADioUITests.framework in Frameworks */ = {isa = PBXBuildFile; fileRef = 696CF86255733C7287369D18 /* Pods_RADioUITests.framework */; };
		7859C379D286855A6E4EF67B /* Pods_RADio.framework in Frameworks */ = {isa = PBXBuildFile; fileRef = 93ECC0BBBD614D668E2002BB /* Pods_RADio.framework */; };
		C9DC8544AAE3F224A5BDD23F /* Pods_RADioTests.framework in Frameworks */ = {isa = PBXBuildFile; fileRef = 1DB9D3B34FBE349E73312086 /* Pods_RADioTests.framework */; };
/* End PBXBuildFile section */

/* Begin PBXContainerItemProxy section */
		48D90166211F0097000473EC /* PBXContainerItemProxy */ = {
			isa = PBXContainerItemProxy;
			containerPortal = 48D90149211F0097000473EC /* Project object */;
			proxyType = 1;
			remoteGlobalIDString = 48D90150211F0097000473EC;
			remoteInfo = RADio;
		};
		48D90171211F0097000473EC /* PBXContainerItemProxy */ = {
			isa = PBXContainerItemProxy;
			containerPortal = 48D90149211F0097000473EC /* Project object */;
			proxyType = 1;
			remoteGlobalIDString = 48D90150211F0097000473EC;
			remoteInfo = RADio;
		};
/* End PBXContainerItemProxy section */

/* Begin PBXFileReference section */
		1DB9D3B34FBE349E73312086 /* Pods_RADioTests.framework */ = {isa = PBXFileReference; explicitFileType = wrapper.framework; includeInIndex = 0; path = Pods_RADioTests.framework; sourceTree = BUILT_PRODUCTS_DIR; };
		36B2197FA595F6626B4C4297 /* Pods-RADioUITests.release.xcconfig */ = {isa = PBXFileReference; includeInIndex = 1; lastKnownFileType = text.xcconfig; name = "Pods-RADioUITests.release.xcconfig"; path = "Pods/Target Support Files/Pods-RADioUITests/Pods-RADioUITests.release.xcconfig"; sourceTree = "<group>"; };
		480DFB7D212F481000245479 /* DetailViewController.swift */ = {isa = PBXFileReference; lastKnownFileType = sourcecode.swift; path = DetailViewController.swift; sourceTree = "<group>"; };
		480DFB7F212FDCB700245479 /* ArtistDetails.swift */ = {isa = PBXFileReference; lastKnownFileType = sourcecode.swift; path = ArtistDetails.swift; sourceTree = "<group>"; };
		48108BD8212D9319008E1968 /* ArtistResultsJSON.json */ = {isa = PBXFileReference; lastKnownFileType = text.json; path = ArtistResultsJSON.json; sourceTree = "<group>"; };
		483E29E5212AF71100D6B22B /* JSONMappingTests.swift */ = {isa = PBXFileReference; lastKnownFileType = sourcecode.swift; path = JSONMappingTests.swift; sourceTree = "<group>"; };
		48511064212E9D8000311309 /* ResultsCell.xib */ = {isa = PBXFileReference; lastKnownFileType = file.xib; path = ResultsCell.xib; sourceTree = "<group>"; };
		48511068212EA0D800311309 /* ResultsCell.swift */ = {isa = PBXFileReference; lastKnownFileType = sourcecode.swift; path = ResultsCell.swift; sourceTree = "<group>"; };
		48CC3B222131652F007A2338 /* ResultsModel.swift */ = {isa = PBXFileReference; lastKnownFileType = sourcecode.swift; path = ResultsModel.swift; sourceTree = "<group>"; };
		48CC3B24213166BE007A2338 /* Image.swift */ = {isa = PBXFileReference; lastKnownFileType = sourcecode.swift; path = Image.swift; sourceTree = "<group>"; };
		48CC3B26213166E0007A2338 /* Artist.swift */ = {isa = PBXFileReference; lastKnownFileType = sourcecode.swift; path = Artist.swift; sourceTree = "<group>"; };
		48CC3B282131670D007A2338 /* Stats.swift */ = {isa = PBXFileReference; lastKnownFileType = sourcecode.swift; path = Stats.swift; sourceTree = "<group>"; };
		48CC3B2A2131674A007A2338 /* SearchResponse.swift */ = {isa = PBXFileReference; lastKnownFileType = sourcecode.swift; path = SearchResponse.swift; sourceTree = "<group>"; };
		48CC3B2C21316782007A2338 /* Bio.swift */ = {isa = PBXFileReference; lastKnownFileType = sourcecode.swift; path = Bio.swift; sourceTree = "<group>"; };
		48CC3B2E213167C6007A2338 /* ArtistMatches.swift */ = {isa = PBXFileReference; lastKnownFileType = sourcecode.swift; path = ArtistMatches.swift; sourceTree = "<group>"; };
		48CC3B3021317C43007A2338 /* ArtistModel.swift */ = {isa = PBXFileReference; lastKnownFileType = sourcecode.swift; path = ArtistModel.swift; sourceTree = "<group>"; };
		48CC3B332131BF32007A2338 /* ArtistDataConverter.swift */ = {isa = PBXFileReference; lastKnownFileType = sourcecode.swift; path = ArtistDataConverter.swift; sourceTree = "<group>"; };
		48CC3B352131C449007A2338 /* ResultsDataConverter.swift */ = {isa = PBXFileReference; lastKnownFileType = sourcecode.swift; path = ResultsDataConverter.swift; sourceTree = "<group>"; };
		48CC3B372131D525007A2338 /* DataManager.swift */ = {isa = PBXFileReference; lastKnownFileType = sourcecode.swift; path = DataManager.swift; sourceTree = "<group>"; };
		48CC3B3921326DE3007A2338 /* ArtistDetailModel.swift */ = {isa = PBXFileReference; lastKnownFileType = sourcecode.swift; path = ArtistDetailModel.swift; sourceTree = "<group>"; };
		48CC3B3C21328B74007A2338 /* ResultsPresenter.swift */ = {isa = PBXFileReference; lastKnownFileType = sourcecode.swift; path = ResultsPresenter.swift; sourceTree = "<group>"; };
		48CC3B3E2132A74D007A2338 /* DetailsRequest.swift */ = {isa = PBXFileReference; lastKnownFileType = sourcecode.swift; path = DetailsRequest.swift; sourceTree = "<group>"; };
		48CC3B402132E37A007A2338 /* ArtistDetailsDataConverter.swift */ = {isa = PBXFileReference; lastKnownFileType = sourcecode.swift; path = ArtistDetailsDataConverter.swift; sourceTree = "<group>"; };
		48CC3B422133C741007A2338 /* AlertsPresenter.swift */ = {isa = PBXFileReference; lastKnownFileType = sourcecode.swift; path = AlertsPresenter.swift; sourceTree = "<group>"; };
		48CC3B462134146C007A2338 /* TestData.swift */ = {isa = PBXFileReference; lastKnownFileType = sourcecode.swift; path = TestData.swift; sourceTree = "<group>"; };
		48CC3B492134184C007A2338 /* StringEncodingExtension.swift */ = {isa = PBXFileReference; lastKnownFileType = sourcecode.swift; path = StringEncodingExtension.swift; sourceTree = "<group>"; };
		48D90151211F0097000473EC /* RADio.app */ = {isa = PBXFileReference; explicitFileType = wrapper.application; includeInIndex = 0; path = RADio.app; sourceTree = BUILT_PRODUCTS_DIR; };
		48D90154211F0097000473EC /* AppDelegate.swift */ = {isa = PBXFileReference; lastKnownFileType = sourcecode.swift; path = AppDelegate.swift; sourceTree = "<group>"; };
		48D90156211F0097000473EC /* ViewController.swift */ = {isa = PBXFileReference; lastKnownFileType = sourcecode.swift; path = ViewController.swift; sourceTree = "<group>"; };
		48D90159211F0097000473EC /* Base */ = {isa = PBXFileReference; lastKnownFileType = file.storyboard; name = Base; path = Base.lproj/Main.storyboard; sourceTree = "<group>"; };
		48D9015B211F0097000473EC /* Assets.xcassets */ = {isa = PBXFileReference; lastKnownFileType = folder.assetcatalog; path = Assets.xcassets; sourceTree = "<group>"; };
		48D9015E211F0097000473EC /* Base */ = {isa = PBXFileReference; lastKnownFileType = file.storyboard; name = Base; path = Base.lproj/LaunchScreen.storyboard; sourceTree = "<group>"; };
		48D90160211F0097000473EC /* Info.plist */ = {isa = PBXFileReference; lastKnownFileType = text.plist.xml; path = Info.plist; sourceTree = "<group>"; };
		48D90165211F0097000473EC /* RADioTests.xctest */ = {isa = PBXFileReference; explicitFileType = wrapper.cfbundle; includeInIndex = 0; path = RADioTests.xctest; sourceTree = BUILT_PRODUCTS_DIR; };
		48D90169211F0097000473EC /* RADioTests.swift */ = {isa = PBXFileReference; lastKnownFileType = sourcecode.swift; path = RADioTests.swift; sourceTree = "<group>"; };
		48D9016B211F0097000473EC /* Info.plist */ = {isa = PBXFileReference; lastKnownFileType = text.plist.xml; path = Info.plist; sourceTree = "<group>"; };
		48D90170211F0097000473EC /* RADioUITests.xctest */ = {isa = PBXFileReference; explicitFileType = wrapper.cfbundle; includeInIndex = 0; path = RADioUITests.xctest; sourceTree = BUILT_PRODUCTS_DIR; };
		48D90174211F0097000473EC /* RADioUITests.swift */ = {isa = PBXFileReference; lastKnownFileType = sourcecode.swift; path = RADioUITests.swift; sourceTree = "<group>"; };
		48D90176211F0097000473EC /* Info.plist */ = {isa = PBXFileReference; lastKnownFileType = text.plist.xml; path = Info.plist; sourceTree = "<group>"; };
		48D90183211FCEBD000473EC /* Results.swift */ = {isa = PBXFileReference; lastKnownFileType = sourcecode.swift; path = Results.swift; sourceTree = "<group>"; };
		48D90186211FD899000473EC /* APIRequests.swift */ = {isa = PBXFileReference; lastKnownFileType = sourcecode.swift; name = APIRequests.swift; path = RADio/Requests/APIRequests.swift; sourceTree = SOURCE_ROOT; };
		696CF86255733C7287369D18 /* Pods_RADioUITests.framework */ = {isa = PBXFileReference; explicitFileType = wrapper.framework; includeInIndex = 0; path = Pods_RADioUITests.framework; sourceTree = BUILT_PRODUCTS_DIR; };
		6F8842738F65FB09E886FA19 /* Pods-RADio.debug.xcconfig */ = {isa = PBXFileReference; includeInIndex = 1; lastKnownFileType = text.xcconfig; name = "Pods-RADio.debug.xcconfig"; path = "Pods/Target Support Files/Pods-RADio/Pods-RADio.debug.xcconfig"; sourceTree = "<group>"; };
		853B453CBB07C29758522AD7 /* Pods-RADioUITests.debug.xcconfig */ = {isa = PBXFileReference; includeInIndex = 1; lastKnownFileType = text.xcconfig; name = "Pods-RADioUITests.debug.xcconfig"; path = "Pods/Target Support Files/Pods-RADioUITests/Pods-RADioUITests.debug.xcconfig"; sourceTree = "<group>"; };
		91E249989A909E17999ADCEE /* Pods-RADioTests.debug.xcconfig */ = {isa = PBXFileReference; includeInIndex = 1; lastKnownFileType = text.xcconfig; name = "Pods-RADioTests.debug.xcconfig"; path = "Pods/Target Support Files/Pods-RADioTests/Pods-RADioTests.debug.xcconfig"; sourceTree = "<group>"; };
		93ECC0BBBD614D668E2002BB /* Pods_RADio.framework */ = {isa = PBXFileReference; explicitFileType = wrapper.framework; includeInIndex = 0; path = Pods_RADio.framework; sourceTree = BUILT_PRODUCTS_DIR; };
		CBB210C25D23C10E98273A79 /* Pods-RADio.release.xcconfig */ = {isa = PBXFileReference; includeInIndex = 1; lastKnownFileType = text.xcconfig; name = "Pods-RADio.release.xcconfig"; path = "Pods/Target Support Files/Pods-RADio/Pods-RADio.release.xcconfig"; sourceTree = "<group>"; };
		E6B0729B71A96ADE23437CEC /* Pods-RADioTests.release.xcconfig */ = {isa = PBXFileReference; includeInIndex = 1; lastKnownFileType = text.xcconfig; name = "Pods-RADioTests.release.xcconfig"; path = "Pods/Target Support Files/Pods-RADioTests/Pods-RADioTests.release.xcconfig"; sourceTree = "<group>"; };
/* End PBXFileReference section */

/* Begin PBXFrameworksBuildPhase section */
		48D9014E211F0097000473EC /* Frameworks */ = {
			isa = PBXFrameworksBuildPhase;
			buildActionMask = 2147483647;
			files = (
				7859C379D286855A6E4EF67B /* Pods_RADio.framework in Frameworks */,
			);
			runOnlyForDeploymentPostprocessing = 0;
		};
		48D90162211F0097000473EC /* Frameworks */ = {
			isa = PBXFrameworksBuildPhase;
			buildActionMask = 2147483647;
			files = (
				C9DC8544AAE3F224A5BDD23F /* Pods_RADioTests.framework in Frameworks */,
			);
			runOnlyForDeploymentPostprocessing = 0;
		};
		48D9016D211F0097000473EC /* Frameworks */ = {
			isa = PBXFrameworksBuildPhase;
			buildActionMask = 2147483647;
			files = (
				4B4AB095DC6BBAD2C8C6A506 /* Pods_RADioUITests.framework in Frameworks */,
			);
			runOnlyForDeploymentPostprocessing = 0;
		};
/* End PBXFrameworksBuildPhase section */

/* Begin PBXGroup section */
		0359545699CAC6B60D60728F /* Frameworks */ = {
			isa = PBXGroup;
			children = (
				93ECC0BBBD614D668E2002BB /* Pods_RADio.framework */,
				1DB9D3B34FBE349E73312086 /* Pods_RADioTests.framework */,
				696CF86255733C7287369D18 /* Pods_RADioUITests.framework */,
			);
			name = Frameworks;
			sourceTree = "<group>";
		};
		48511063212E9D1000311309 /* Views */ = {
			isa = PBXGroup;
			children = (
				48511064212E9D8000311309 /* ResultsCell.xib */,
				48511068212EA0D800311309 /* ResultsCell.swift */,
			);
			path = Views;
			sourceTree = "<group>";
		};
		48CC3B2121316510007A2338 /* Models */ = {
			isa = PBXGroup;
			children = (
				48CC3B222131652F007A2338 /* ResultsModel.swift */,
				48CC3B3021317C43007A2338 /* ArtistModel.swift */,
				48CC3B3921326DE3007A2338 /* ArtistDetailModel.swift */,
			);
			path = Models;
			sourceTree = "<group>";
		};
		48CC3B322131BDF7007A2338 /* Logic */ = {
			isa = PBXGroup;
			children = (
				48CC3B332131BF32007A2338 /* ArtistDataConverter.swift */,
				48CC3B352131C449007A2338 /* ResultsDataConverter.swift */,
				48CC3B372131D525007A2338 /* DataManager.swift */,
				48CC3B402132E37A007A2338 /* ArtistDetailsDataConverter.swift */,
			);
			path = Logic;
			sourceTree = "<group>";
		};
		48CC3B3B21328B60007A2338 /* Presenters */ = {
			isa = PBXGroup;
			children = (
				48CC3B3C21328B74007A2338 /* ResultsPresenter.swift */,
				48CC3B422133C741007A2338 /* AlertsPresenter.swift */,
			);
			path = Presenters;
			sourceTree = "<group>";
		};
		48CC3B482134183B007A2338 /* Helpers */ = {
			isa = PBXGroup;
			children = (
				48CC3B492134184C007A2338 /* StringEncodingExtension.swift */,
			);
			path = Helpers;
			sourceTree = "<group>";
		};
		48D90148211F0097000473EC = {
			isa = PBXGroup;
			children = (
				48D90153211F0097000473EC /* RADio */,
				48D90168211F0097000473EC /* RADioTests */,
				48D90173211F0097000473EC /* RADioUITests */,
				48D90152211F0097000473EC /* Products */,
				9A34BEF51AE8BCED46C6DA1D /* Pods */,
				0359545699CAC6B60D60728F /* Frameworks */,
			);
			sourceTree = "<group>";
		};
		48D90152211F0097000473EC /* Products */ = {
			isa = PBXGroup;
			children = (
				48D90151211F0097000473EC /* RADio.app */,
				48D90165211F0097000473EC /* RADioTests.xctest */,
				48D90170211F0097000473EC /* RADioUITests.xctest */,
			);
			name = Products;
			sourceTree = "<group>";
		};
		48D90153211F0097000473EC /* RADio */ = {
			isa = PBXGroup;
			children = (
				48CC3B482134183B007A2338 /* Helpers */,
				48CC3B3B21328B60007A2338 /* Presenters */,
				48CC3B322131BDF7007A2338 /* Logic */,
				48CC3B2121316510007A2338 /* Models */,
				48511063212E9D1000311309 /* Views */,
				48D90185211FD74E000473EC /* Services */,
				48D90182211FCBC2000473EC /* Entities */,
				48D90154211F0097000473EC /* AppDelegate.swift */,
				48D90156211F0097000473EC /* ViewController.swift */,
				480DFB7D212F481000245479 /* DetailViewController.swift */,
				48D90158211F0097000473EC /* Main.storyboard */,
				48D9015B211F0097000473EC /* Assets.xcassets */,
				48D9015D211F0097000473EC /* LaunchScreen.storyboard */,
				48D90160211F0097000473EC /* Info.plist */,
			);
			path = RADio;
			sourceTree = "<group>";
		};
		48D90168211F0097000473EC /* RADioTests */ = {
			isa = PBXGroup;
			children = (
				48D90169211F0097000473EC /* RADioTests.swift */,
				483E29E5212AF71100D6B22B /* JSONMappingTests.swift */,
				48D9016B211F0097000473EC /* Info.plist */,
				48108BD8212D9319008E1968 /* ArtistResultsJSON.json */,
				48CC3B462134146C007A2338 /* TestData.swift */,
			);
			path = RADioTests;
			sourceTree = "<group>";
		};
		48D90173211F0097000473EC /* RADioUITests */ = {
			isa = PBXGroup;
			children = (
				48D90174211F0097000473EC /* RADioUITests.swift */,
				48D90176211F0097000473EC /* Info.plist */,
			);
			path = RADioUITests;
			sourceTree = "<group>";
		};
		48D90182211FCBC2000473EC /* Entities */ = {
			isa = PBXGroup;
			children = (
				48D90183211FCEBD000473EC /* Results.swift */,
				48CC3B2E213167C6007A2338 /* ArtistMatches.swift */,
				48CC3B2A2131674A007A2338 /* SearchResponse.swift */,
				48CC3B282131670D007A2338 /* Stats.swift */,
				48CC3B26213166E0007A2338 /* Artist.swift */,
				48CC3B24213166BE007A2338 /* Image.swift */,
				480DFB7F212FDCB700245479 /* ArtistDetails.swift */,
				48CC3B2C21316782007A2338 /* Bio.swift */,
			);
			path = Entities;
			sourceTree = "<group>";
		};
		48D90185211FD74E000473EC /* Services */ = {
			isa = PBXGroup;
			children = (
				48D90186211FD899000473EC /* APIRequests.swift */,
				48CC3B3E2132A74D007A2338 /* DetailsRequest.swift */,
			);
			path = Services;
			sourceTree = "<group>";
		};
		9A34BEF51AE8BCED46C6DA1D /* Pods */ = {
			isa = PBXGroup;
			children = (
				6F8842738F65FB09E886FA19 /* Pods-RADio.debug.xcconfig */,
				CBB210C25D23C10E98273A79 /* Pods-RADio.release.xcconfig */,
				91E249989A909E17999ADCEE /* Pods-RADioTests.debug.xcconfig */,
				E6B0729B71A96ADE23437CEC /* Pods-RADioTests.release.xcconfig */,
				853B453CBB07C29758522AD7 /* Pods-RADioUITests.debug.xcconfig */,
				36B2197FA595F6626B4C4297 /* Pods-RADioUITests.release.xcconfig */,
			);
			name = Pods;
			sourceTree = "<group>";
		};
/* End PBXGroup section */

/* Begin PBXNativeTarget section */
		48D90150211F0097000473EC /* RADio */ = {
			isa = PBXNativeTarget;
			buildConfigurationList = 48D90179211F0097000473EC /* Build configuration list for PBXNativeTarget "RADio" */;
			buildPhases = (
				25122F8F5E3F526E8F639CB9 /* [CP] Check Pods Manifest.lock */,
				48D9014D211F0097000473EC /* Sources */,
				48D9014E211F0097000473EC /* Frameworks */,
				48D9014F211F0097000473EC /* Resources */,
				771A9A7D9028BE822C2B0A6E /* [CP] Embed Pods Frameworks */,
			);
			buildRules = (
			);
			dependencies = (
			);
			name = RADio;
			productName = RADio;
			productReference = 48D90151211F0097000473EC /* RADio.app */;
			productType = "com.apple.product-type.application";
		};
		48D90164211F0097000473EC /* RADioTests */ = {
			isa = PBXNativeTarget;
			buildConfigurationList = 48D9017C211F0097000473EC /* Build configuration list for PBXNativeTarget "RADioTests" */;
			buildPhases = (
				C6A81173235ABDA8E419098F /* [CP] Check Pods Manifest.lock */,
				48D90161211F0097000473EC /* Sources */,
				48D90162211F0097000473EC /* Frameworks */,
				48D90163211F0097000473EC /* Resources */,
			);
			buildRules = (
			);
			dependencies = (
				48D90167211F0097000473EC /* PBXTargetDependency */,
			);
			name = RADioTests;
			productName = RADioTests;
			productReference = 48D90165211F0097000473EC /* RADioTests.xctest */;
			productType = "com.apple.product-type.bundle.unit-test";
		};
		48D9016F211F0097000473EC /* RADioUITests */ = {
			isa = PBXNativeTarget;
			buildConfigurationList = 48D9017F211F0097000473EC /* Build configuration list for PBXNativeTarget "RADioUITests" */;
			buildPhases = (
				04A07306E934B2C0194A3A5F /* [CP] Check Pods Manifest.lock */,
				48D9016C211F0097000473EC /* Sources */,
				48D9016D211F0097000473EC /* Frameworks */,
				48D9016E211F0097000473EC /* Resources */,
			);
			buildRules = (
			);
			dependencies = (
				48D90172211F0097000473EC /* PBXTargetDependency */,
			);
			name = RADioUITests;
			productName = RADioUITests;
			productReference = 48D90170211F0097000473EC /* RADioUITests.xctest */;
			productType = "com.apple.product-type.bundle.ui-testing";
		};
/* End PBXNativeTarget section */

/* Begin PBXProject section */
		48D90149211F0097000473EC /* Project object */ = {
			isa = PBXProject;
			attributes = {
				LastSwiftUpdateCheck = 0920;
				LastUpgradeCheck = 0920;
				ORGANIZATIONNAME = "Shweta Jagdish Mahajan (Digital)";
				TargetAttributes = {
					48D90150211F0097000473EC = {
						CreatedOnToolsVersion = 9.2;
						ProvisioningStyle = Automatic;
					};
					48D90164211F0097000473EC = {
						CreatedOnToolsVersion = 9.2;
						ProvisioningStyle = Automatic;
						TestTargetID = 48D90150211F0097000473EC;
					};
					48D9016F211F0097000473EC = {
						CreatedOnToolsVersion = 9.2;
						ProvisioningStyle = Automatic;
						TestTargetID = 48D90150211F0097000473EC;
					};
				};
			};
			buildConfigurationList = 48D9014C211F0097000473EC /* Build configuration list for PBXProject "RADio" */;
			compatibilityVersion = "Xcode 8.0";
			developmentRegion = en;
			hasScannedForEncodings = 0;
			knownRegions = (
				en,
				Base,
			);
			mainGroup = 48D90148211F0097000473EC;
			productRefGroup = 48D90152211F0097000473EC /* Products */;
			projectDirPath = "";
			projectRoot = "";
			targets = (
				48D90150211F0097000473EC /* RADio */,
				48D90164211F0097000473EC /* RADioTests */,
				48D9016F211F0097000473EC /* RADioUITests */,
			);
		};
/* End PBXProject section */

/* Begin PBXResourcesBuildPhase section */
		48D9014F211F0097000473EC /* Resources */ = {
			isa = PBXResourcesBuildPhase;
			buildActionMask = 2147483647;
			files = (
				48D9015F211F0097000473EC /* LaunchScreen.storyboard in Resources */,
				48D9015C211F0097000473EC /* Assets.xcassets in Resources */,
				48511065212E9D8000311309 /* ResultsCell.xib in Resources */,
				48D9015A211F0097000473EC /* Main.storyboard in Resources */,
			);
			runOnlyForDeploymentPostprocessing = 0;
		};
		48D90163211F0097000473EC /* Resources */ = {
			isa = PBXResourcesBuildPhase;
			buildActionMask = 2147483647;
			files = (
				48108BD9212D9319008E1968 /* ArtistResultsJSON.json in Resources */,
			);
			runOnlyForDeploymentPostprocessing = 0;
		};
		48D9016E211F0097000473EC /* Resources */ = {
			isa = PBXResourcesBuildPhase;
			buildActionMask = 2147483647;
			files = (
			);
			runOnlyForDeploymentPostprocessing = 0;
		};
/* End PBXResourcesBuildPhase section */

/* Begin PBXShellScriptBuildPhase section */
		04A07306E934B2C0194A3A5F /* [CP] Check Pods Manifest.lock */ = {
			isa = PBXShellScriptBuildPhase;
			buildActionMask = 2147483647;
			files = (
			);
			inputPaths = (
				"${PODS_PODFILE_DIR_PATH}/Podfile.lock",
				"${PODS_ROOT}/Manifest.lock",
			);
			name = "[CP] Check Pods Manifest.lock";
			outputPaths = (
				"$(DERIVED_FILE_DIR)/Pods-RADioUITests-checkManifestLockResult.txt",
			);
			runOnlyForDeploymentPostprocessing = 0;
			shellPath = /bin/sh;
			shellScript = "diff \"${PODS_PODFILE_DIR_PATH}/Podfile.lock\" \"${PODS_ROOT}/Manifest.lock\" > /dev/null\nif [ $? != 0 ] ; then\n    # print error to STDERR\n    echo \"error: The sandbox is not in sync with the Podfile.lock. Run 'pod install' or update your CocoaPods installation.\" >&2\n    exit 1\nfi\n# This output is used by Xcode 'outputs' to avoid re-running this script phase.\necho \"SUCCESS\" > \"${SCRIPT_OUTPUT_FILE_0}\"\n";
			showEnvVarsInLog = 0;
		};
		25122F8F5E3F526E8F639CB9 /* [CP] Check Pods Manifest.lock */ = {
			isa = PBXShellScriptBuildPhase;
			buildActionMask = 2147483647;
			files = (
			);
			inputPaths = (
				"${PODS_PODFILE_DIR_PATH}/Podfile.lock",
				"${PODS_ROOT}/Manifest.lock",
			);
			name = "[CP] Check Pods Manifest.lock";
			outputPaths = (
				"$(DERIVED_FILE_DIR)/Pods-RADio-checkManifestLockResult.txt",
			);
			runOnlyForDeploymentPostprocessing = 0;
			shellPath = /bin/sh;
			shellScript = "diff \"${PODS_PODFILE_DIR_PATH}/Podfile.lock\" \"${PODS_ROOT}/Manifest.lock\" > /dev/null\nif [ $? != 0 ] ; then\n    # print error to STDERR\n    echo \"error: The sandbox is not in sync with the Podfile.lock. Run 'pod install' or update your CocoaPods installation.\" >&2\n    exit 1\nfi\n# This output is used by Xcode 'outputs' to avoid re-running this script phase.\necho \"SUCCESS\" > \"${SCRIPT_OUTPUT_FILE_0}\"\n";
			showEnvVarsInLog = 0;
		};
		771A9A7D9028BE822C2B0A6E /* [CP] Embed Pods Frameworks */ = {
			isa = PBXShellScriptBuildPhase;
			buildActionMask = 2147483647;
			files = (
			);
			inputPaths = (
				"${SRCROOT}/Pods/Target Support Files/Pods-RADio/Pods-RADio-frameworks.sh",
				"${BUILT_PRODUCTS_DIR}/NVActivityIndicatorView/NVActivityIndicatorView.framework",
				"${BUILT_PRODUCTS_DIR}/ReachabilitySwift/Reachability.framework",
				"${BUILT_PRODUCTS_DIR}/moa/moa.framework",
			);
			name = "[CP] Embed Pods Frameworks";
			outputPaths = (
				"${TARGET_BUILD_DIR}/${FRAMEWORKS_FOLDER_PATH}/NVActivityIndicatorView.framework",
				"${TARGET_BUILD_DIR}/${FRAMEWORKS_FOLDER_PATH}/Reachability.framework",
				"${TARGET_BUILD_DIR}/${FRAMEWORKS_FOLDER_PATH}/moa.framework",
			);
			runOnlyForDeploymentPostprocessing = 0;
			shellPath = /bin/sh;
			shellScript = "\"${SRCROOT}/Pods/Target Support Files/Pods-RADio/Pods-RADio-frameworks.sh\"\n";
			showEnvVarsInLog = 0;
		};
		C6A81173235ABDA8E419098F /* [CP] Check Pods Manifest.lock */ = {
			isa = PBXShellScriptBuildPhase;
			buildActionMask = 2147483647;
			files = (
			);
			inputPaths = (
				"${PODS_PODFILE_DIR_PATH}/Podfile.lock",
				"${PODS_ROOT}/Manifest.lock",
			);
			name = "[CP] Check Pods Manifest.lock";
			outputPaths = (
				"$(DERIVED_FILE_DIR)/Pods-RADioTests-checkManifestLockResult.txt",
			);
			runOnlyForDeploymentPostprocessing = 0;
			shellPath = /bin/sh;
			shellScript = "diff \"${PODS_PODFILE_DIR_PATH}/Podfile.lock\" \"${PODS_ROOT}/Manifest.lock\" > /dev/null\nif [ $? != 0 ] ; then\n    # print error to STDERR\n    echo \"error: The sandbox is not in sync with the Podfile.lock. Run 'pod install' or update your CocoaPods installation.\" >&2\n    exit 1\nfi\n# This output is used by Xcode 'outputs' to avoid re-running this script phase.\necho \"SUCCESS\" > \"${SCRIPT_OUTPUT_FILE_0}\"\n";
			showEnvVarsInLog = 0;
		};
/* End PBXShellScriptBuildPhase section */

/* Begin PBXSourcesBuildPhase section */
		48D9014D211F0097000473EC /* Sources */ = {
			isa = PBXSourcesBuildPhase;
			buildActionMask = 2147483647;
			files = (
				48CC3B232131652F007A2338 /* ResultsModel.swift in Sources */,
				48CC3B292131670D007A2338 /* Stats.swift in Sources */,
				48CC3B25213166BE007A2338 /* Image.swift in Sources */,
				48CC3B4A2134184C007A2338 /* StringEncodingExtension.swift in Sources */,
				48D90184211FCEBD000473EC /* Results.swift in Sources */,
				48CC3B412132E37A007A2338 /* ArtistDetailsDataConverter.swift in Sources */,
				48D90157211F0097000473EC /* ViewController.swift in Sources */,
				48CC3B3A21326DE3007A2338 /* ArtistDetailModel.swift in Sources */,
				48CC3B2D21316782007A2338 /* Bio.swift in Sources */,
				48CC3B362131C449007A2338 /* ResultsDataConverter.swift in Sources */,
				48CC3B382131D525007A2338 /* DataManager.swift in Sources */,
				48CC3B432133C741007A2338 /* AlertsPresenter.swift in Sources */,
				48D90187211FD899000473EC /* APIRequests.swift in Sources */,
				48CC3B3F2132A74D007A2338 /* DetailsRequest.swift in Sources */,
				48CC3B3121317C43007A2338 /* ArtistModel.swift in Sources */,
				48CC3B3D21328B74007A2338 /* ResultsPresenter.swift in Sources */,
				480DFB7E212F481000245479 /* DetailViewController.swift in Sources */,
				48CC3B2F213167C6007A2338 /* ArtistMatches.swift in Sources */,
				48D90155211F0097000473EC /* AppDelegate.swift in Sources */,
				48CC3B2B2131674A007A2338 /* SearchResponse.swift in Sources */,
				48511069212EA0D800311309 /* ResultsCell.swift in Sources */,
				48CC3B342131BF32007A2338 /* ArtistDataConverter.swift in Sources */,
				48CC3B27213166E0007A2338 /* Artist.swift in Sources */,
				480DFB80212FDCB700245479 /* ArtistDetails.swift in Sources */,
			);
			runOnlyForDeploymentPostprocessing = 0;
		};
		48D90161211F0097000473EC /* Sources */ = {
			isa = PBXSourcesBuildPhase;
			buildActionMask = 2147483647;
			files = (
				48CC3B472134146C007A2338 /* TestData.swift in Sources */,
				483E29E6212AF71100D6B22B /* JSONMappingTests.swift in Sources */,
				48D9016A211F0097000473EC /* RADioTests.swift in Sources */,
			);
			runOnlyForDeploymentPostprocessing = 0;
		};
		48D9016C211F0097000473EC /* Sources */ = {
			isa = PBXSourcesBuildPhase;
			buildActionMask = 2147483647;
			files = (
				48D90175211F0097000473EC /* RADioUITests.swift in Sources */,
			);
			runOnlyForDeploymentPostprocessing = 0;
		};
/* End PBXSourcesBuildPhase section */

/* Begin PBXTargetDependency section */
		48D90167211F0097000473EC /* PBXTargetDependency */ = {
			isa = PBXTargetDependency;
			target = 48D90150211F0097000473EC /* RADio */;
			targetProxy = 48D90166211F0097000473EC /* PBXContainerItemProxy */;
		};
		48D90172211F0097000473EC /* PBXTargetDependency */ = {
			isa = PBXTargetDependency;
			target = 48D90150211F0097000473EC /* RADio */;
			targetProxy = 48D90171211F0097000473EC /* PBXContainerItemProxy */;
		};
/* End PBXTargetDependency section */

/* Begin PBXVariantGroup section */
		48D90158211F0097000473EC /* Main.storyboard */ = {
			isa = PBXVariantGroup;
			children = (
				48D90159211F0097000473EC /* Base */,
			);
			name = Main.storyboard;
			sourceTree = "<group>";
		};
		48D9015D211F0097000473EC /* LaunchScreen.storyboard */ = {
			isa = PBXVariantGroup;
			children = (
				48D9015E211F0097000473EC /* Base */,
			);
			name = LaunchScreen.storyboard;
			sourceTree = "<group>";
		};
/* End PBXVariantGroup section */

/* Begin XCBuildConfiguration section */
		48D90177211F0097000473EC /* Debug */ = {
			isa = XCBuildConfiguration;
			buildSettings = {
				ALWAYS_SEARCH_USER_PATHS = NO;
				CLANG_ANALYZER_NONNULL = YES;
				CLANG_ANALYZER_NUMBER_OBJECT_CONVERSION = YES_AGGRESSIVE;
				CLANG_CXX_LANGUAGE_STANDARD = "gnu++14";
				CLANG_CXX_LIBRARY = "libc++";
				CLANG_ENABLE_MODULES = YES;
				CLANG_ENABLE_OBJC_ARC = YES;
				CLANG_WARN_BLOCK_CAPTURE_AUTORELEASING = YES;
				CLANG_WARN_BOOL_CONVERSION = YES;
				CLANG_WARN_COMMA = YES;
				CLANG_WARN_CONSTANT_CONVERSION = YES;
				CLANG_WARN_DIRECT_OBJC_ISA_USAGE = YES_ERROR;
				CLANG_WARN_DOCUMENTATION_COMMENTS = YES;
				CLANG_WARN_EMPTY_BODY = YES;
				CLANG_WARN_ENUM_CONVERSION = YES;
				CLANG_WARN_INFINITE_RECURSION = YES;
				CLANG_WARN_INT_CONVERSION = YES;
				CLANG_WARN_NON_LITERAL_NULL_CONVERSION = YES;
				CLANG_WARN_OBJC_LITERAL_CONVERSION = YES;
				CLANG_WARN_OBJC_ROOT_CLASS = YES_ERROR;
				CLANG_WARN_RANGE_LOOP_ANALYSIS = YES;
				CLANG_WARN_STRICT_PROTOTYPES = YES;
				CLANG_WARN_SUSPICIOUS_MOVE = YES;
				CLANG_WARN_UNGUARDED_AVAILABILITY = YES_AGGRESSIVE;
				CLANG_WARN_UNREACHABLE_CODE = YES;
				CLANG_WARN__DUPLICATE_METHOD_MATCH = YES;
				CODE_SIGN_IDENTITY = "iPhone Developer";
				COPY_PHASE_STRIP = NO;
				DEBUG_INFORMATION_FORMAT = dwarf;
				ENABLE_STRICT_OBJC_MSGSEND = YES;
				ENABLE_TESTABILITY = YES;
				GCC_C_LANGUAGE_STANDARD = gnu11;
				GCC_DYNAMIC_NO_PIC = NO;
				GCC_NO_COMMON_BLOCKS = YES;
				GCC_OPTIMIZATION_LEVEL = 0;
				GCC_PREPROCESSOR_DEFINITIONS = (
					"DEBUG=1",
					"$(inherited)",
				);
				GCC_WARN_64_TO_32_BIT_CONVERSION = YES;
				GCC_WARN_ABOUT_RETURN_TYPE = YES_ERROR;
				GCC_WARN_UNDECLARED_SELECTOR = YES;
				GCC_WARN_UNINITIALIZED_AUTOS = YES_AGGRESSIVE;
				GCC_WARN_UNUSED_FUNCTION = YES;
				GCC_WARN_UNUSED_VARIABLE = YES;
				IPHONEOS_DEPLOYMENT_TARGET = 11.2;
				MTL_ENABLE_DEBUG_INFO = YES;
				ONLY_ACTIVE_ARCH = YES;
				SDKROOT = iphoneos;
				SWIFT_ACTIVE_COMPILATION_CONDITIONS = DEBUG;
				SWIFT_OPTIMIZATION_LEVEL = "-Onone";
			};
			name = Debug;
		};
		48D90178211F0097000473EC /* Release */ = {
			isa = XCBuildConfiguration;
			buildSettings = {
				ALWAYS_SEARCH_USER_PATHS = NO;
				CLANG_ANALYZER_NONNULL = YES;
				CLANG_ANALYZER_NUMBER_OBJECT_CONVERSION = YES_AGGRESSIVE;
				CLANG_CXX_LANGUAGE_STANDARD = "gnu++14";
				CLANG_CXX_LIBRARY = "libc++";
				CLANG_ENABLE_MODULES = YES;
				CLANG_ENABLE_OBJC_ARC = YES;
				CLANG_WARN_BLOCK_CAPTURE_AUTORELEASING = YES;
				CLANG_WARN_BOOL_CONVERSION = YES;
				CLANG_WARN_COMMA = YES;
				CLANG_WARN_CONSTANT_CONVERSION = YES;
				CLANG_WARN_DIRECT_OBJC_ISA_USAGE = YES_ERROR;
				CLANG_WARN_DOCUMENTATION_COMMENTS = YES;
				CLANG_WARN_EMPTY_BODY = YES;
				CLANG_WARN_ENUM_CONVERSION = YES;
				CLANG_WARN_INFINITE_RECURSION = YES;
				CLANG_WARN_INT_CONVERSION = YES;
				CLANG_WARN_NON_LITERAL_NULL_CONVERSION = YES;
				CLANG_WARN_OBJC_LITERAL_CONVERSION = YES;
				CLANG_WARN_OBJC_ROOT_CLASS = YES_ERROR;
				CLANG_WARN_RANGE_LOOP_ANALYSIS = YES;
				CLANG_WARN_STRICT_PROTOTYPES = YES;
				CLANG_WARN_SUSPICIOUS_MOVE = YES;
				CLANG_WARN_UNGUARDED_AVAILABILITY = YES_AGGRESSIVE;
				CLANG_WARN_UNREACHABLE_CODE = YES;
				CLANG_WARN__DUPLICATE_METHOD_MATCH = YES;
				CODE_SIGN_IDENTITY = "iPhone Developer";
				COPY_PHASE_STRIP = NO;
				DEBUG_INFORMATION_FORMAT = "dwarf-with-dsym";
				ENABLE_NS_ASSERTIONS = NO;
				ENABLE_STRICT_OBJC_MSGSEND = YES;
				GCC_C_LANGUAGE_STANDARD = gnu11;
				GCC_NO_COMMON_BLOCKS = YES;
				GCC_WARN_64_TO_32_BIT_CONVERSION = YES;
				GCC_WARN_ABOUT_RETURN_TYPE = YES_ERROR;
				GCC_WARN_UNDECLARED_SELECTOR = YES;
				GCC_WARN_UNINITIALIZED_AUTOS = YES_AGGRESSIVE;
				GCC_WARN_UNUSED_FUNCTION = YES;
				GCC_WARN_UNUSED_VARIABLE = YES;
				IPHONEOS_DEPLOYMENT_TARGET = 11.2;
				MTL_ENABLE_DEBUG_INFO = NO;
				SDKROOT = iphoneos;
				SWIFT_OPTIMIZATION_LEVEL = "-Owholemodule";
				VALIDATE_PRODUCT = YES;
			};
			name = Release;
		};
		48D9017A211F0097000473EC /* Debug */ = {
			isa = XCBuildConfiguration;
			baseConfigurationReference = 6F8842738F65FB09E886FA19 /* Pods-RADio.debug.xcconfig */;
			buildSettings = {
				ASSETCATALOG_COMPILER_APPICON_NAME = AppIcon;
				CODE_SIGN_STYLE = Automatic;
				DEVELOPMENT_TEAM = R56J6KDKCM;
				INFOPLIST_FILE = RADio/Info.plist;
				LD_RUNPATH_SEARCH_PATHS = "$(inherited) @executable_path/Frameworks";
				PRODUCT_BUNDLE_IDENTIFIER = ShwtMhjn.RADio;
				PRODUCT_NAME = "$(TARGET_NAME)";
				SWIFT_VERSION = 4.0;
				TARGETED_DEVICE_FAMILY = "1,2";
			};
			name = Debug;
		};
		48D9017B211F0097000473EC /* Release */ = {
			isa = XCBuildConfiguration;
			baseConfigurationReference = CBB210C25D23C10E98273A79 /* Pods-RADio.release.xcconfig */;
			buildSettings = {
				ASSETCATALOG_COMPILER_APPICON_NAME = AppIcon;
				CODE_SIGN_STYLE = Automatic;
				DEVELOPMENT_TEAM = R56J6KDKCM;
				INFOPLIST_FILE = RADio/Info.plist;
				LD_RUNPATH_SEARCH_PATHS = "$(inherited) @executable_path/Frameworks";
				PRODUCT_BUNDLE_IDENTIFIER = ShwtMhjn.RADio;
				PRODUCT_NAME = "$(TARGET_NAME)";
				SWIFT_VERSION = 4.0;
				TARGETED_DEVICE_FAMILY = "1,2";
			};
			name = Release;
		};
		48D9017D211F0097000473EC /* Debug */ = {
			isa = XCBuildConfiguration;
			baseConfigurationReference = 91E249989A909E17999ADCEE /* Pods-RADioTests.debug.xcconfig */;
			buildSettings = {
				ALWAYS_EMBED_SWIFT_STANDARD_LIBRARIES = YES;
				BUNDLE_LOADER = "$(TEST_HOST)";
				CODE_SIGN_STYLE = Automatic;
				DEVELOPMENT_TEAM = R56J6KDKCM;
				INFOPLIST_FILE = RADioTests/Info.plist;
				LD_RUNPATH_SEARCH_PATHS = "$(inherited) @executable_path/Frameworks @loader_path/Frameworks";
				PRODUCT_BUNDLE_IDENTIFIER = ShwtMhjn.RADioTests;
				PRODUCT_NAME = "$(TARGET_NAME)";
				SWIFT_VERSION = 4.0;
				TARGETED_DEVICE_FAMILY = "1,2";
				TEST_HOST = "$(BUILT_PRODUCTS_DIR)/RADio.app/RADio";
			};
			name = Debug;
		};
		48D9017E211F0097000473EC /* Release */ = {
			isa = XCBuildConfiguration;
			baseConfigurationReference = E6B0729B71A96ADE23437CEC /* Pods-RADioTests.release.xcconfig */;
			buildSettings = {
				ALWAYS_EMBED_SWIFT_STANDARD_LIBRARIES = YES;
				BUNDLE_LOADER = "$(TEST_HOST)";
				CODE_SIGN_STYLE = Automatic;
				DEVELOPMENT_TEAM = R56J6KDKCM;
				INFOPLIST_FILE = RADioTests/Info.plist;
				LD_RUNPATH_SEARCH_PATHS = "$(inherited) @executable_path/Frameworks @loader_path/Frameworks";
				PRODUCT_BUNDLE_IDENTIFIER = ShwtMhjn.RADioTests;
				PRODUCT_NAME = "$(TARGET_NAME)";
				SWIFT_VERSION = 4.0;
				TARGETED_DEVICE_FAMILY = "1,2";
				TEST_HOST = "$(BUILT_PRODUCTS_DIR)/RADio.app/RADio";
			};
			name = Release;
		};
		48D90180211F0097000473EC /* Debug */ = {
			isa = XCBuildConfiguration;
			baseConfigurationReference = 853B453CBB07C29758522AD7 /* Pods-RADioUITests.debug.xcconfig */;
			buildSettings = {
				ALWAYS_EMBED_SWIFT_STANDARD_LIBRARIES = YES;
				CODE_SIGN_STYLE = Automatic;
				DEVELOPMENT_TEAM = R56J6KDKCM;
				INFOPLIST_FILE = RADioUITests/Info.plist;
				LD_RUNPATH_SEARCH_PATHS = "$(inherited) @executable_path/Frameworks @loader_path/Frameworks";
				PRODUCT_BUNDLE_IDENTIFIER = ShwtMhjn.RADioUITests;
				PRODUCT_NAME = "$(TARGET_NAME)";
				SWIFT_VERSION = 4.0;
				TARGETED_DEVICE_FAMILY = "1,2";
				TEST_TARGET_NAME = RADio;
			};
			name = Debug;
		};
		48D90181211F0097000473EC /* Release */ = {
			isa = XCBuildConfiguration;
			baseConfigurationReference = 36B2197FA595F6626B4C4297 /* Pods-RADioUITests.release.xcconfig */;
			buildSettings = {
				ALWAYS_EMBED_SWIFT_STANDARD_LIBRARIES = YES;
				CODE_SIGN_STYLE = Automatic;
				DEVELOPMENT_TEAM = R56J6KDKCM;
				INFOPLIST_FILE = RADioUITests/Info.plist;
				LD_RUNPATH_SEARCH_PATHS = "$(inherited) @executable_path/Frameworks @loader_path/Frameworks";
				PRODUCT_BUNDLE_IDENTIFIER = ShwtMhjn.RADioUITests;
				PRODUCT_NAME = "$(TARGET_NAME)";
				SWIFT_VERSION = 4.0;
				TARGETED_DEVICE_FAMILY = "1,2";
				TEST_TARGET_NAME = RADio;
			};
			name = Release;
		};
/* End XCBuildConfiguration section */

/* Begin XCConfigurationList section */
		48D9014C211F0097000473EC /* Build configuration list for PBXProject "RADio" */ = {
			isa = XCConfigurationList;
			buildConfigurations = (
				48D90177211F0097000473EC /* Debug */,
				48D90178211F0097000473EC /* Release */,
			);
			defaultConfigurationIsVisible = 0;
			defaultConfigurationName = Release;
		};
		48D90179211F0097000473EC /* Build configuration list for PBXNativeTarget "RADio" */ = {
			isa = XCConfigurationList;
			buildConfigurations = (
				48D9017A211F0097000473EC /* Debug */,
				48D9017B211F0097000473EC /* Release */,
			);
			defaultConfigurationIsVisible = 0;
			defaultConfigurationName = Release;
		};
		48D9017C211F0097000473EC /* Build configuration list for PBXNativeTarget "RADioTests" */ = {
			isa = XCConfigurationList;
			buildConfigurations = (
				48D9017D211F0097000473EC /* Debug */,
				48D9017E211F0097000473EC /* Release */,
			);
			defaultConfigurationIsVisible = 0;
			defaultConfigurationName = Release;
		};
		48D9017F211F0097000473EC /* Build configuration list for PBXNativeTarget "RADioUITests" */ = {
			isa = XCConfigurationList;
			buildConfigurations = (
				48D90180211F0097000473EC /* Debug */,
				48D90181211F0097000473EC /* Release */,
			);
			defaultConfigurationIsVisible = 0;
			defaultConfigurationName = Release;
		};
/* End XCConfigurationList section */
	};
	rootObject = 48D90149211F0097000473EC /* Project object */;
}
